
Microsoft Visual Studio Solution File, Format Version 11.00
# Visual Studio 2010
Project("{FAE04EC0-301F-11D3-BF4B-00C04F79EFBC}") = "MsgPack", "lib\msgpack\src\MsgPack\MsgPack.csproj", "{5BCEC32E-990E-4DE5-945F-BD27326A7418}"
EndProject
Project("{FAE04EC0-301F-11D3-BF4B-00C04F79EFBC}") = "SimpleTest", "SimpleTest\SimpleTest.csproj", "{67D2DD9E-210D-47B4-8486-5BE1CD2663F5}"
EndProject
Project("{FAE04EC0-301F-11D3-BF4B-00C04F79EFBC}") = "ContextBuilder", "ContextBuilder\ContextBuilder.csproj", "{3DD3121E-8FC3-4E08-9B78-7F6364C67A63}"
EndProject
Project("{FAE04EC0-301F-11D3-BF4B-00C04F79EFBC}") = "HttpModule", "HttpModule\HttpModule.csproj", "{6222153A-B8AE-49A2-8D84-3D3A2E545EC3}"
EndProject
Project("{FAE04EC0-301F-11D3-BF4B-00C04F79EFBC}") = "WebApplicationTest", "WebApplicationTest\WebApplicationTest.csproj", "{51EB40AC-3680-4B88-B5AB-257E21E2BA26}"
EndProject
Project("{FAE04EC0-301F-11D3-BF4B-00C04F79EFBC}") = "Connect", "Connect\Connect.csproj", "{AAE46F20-6A30-4DDF-AA04-3922C2741970}"
EndProject
Global
	GlobalSection(SolutionConfigurationPlatforms) = preSolution
		CodeAnalysis|Any CPU = CodeAnalysis|Any CPU
		CodeAnalysis|Mixed Platforms = CodeAnalysis|Mixed Platforms
		CodeAnalysis|x86 = CodeAnalysis|x86
		CoreProfile|Any CPU = CoreProfile|Any CPU
		CoreProfile|Mixed Platforms = CoreProfile|Mixed Platforms
		CoreProfile|x86 = CoreProfile|x86
		Debug|Any CPU = Debug|Any CPU
		Debug|Mixed Platforms = Debug|Mixed Platforms
		Debug|x86 = Debug|x86
		Instrument|Any CPU = Instrument|Any CPU
		Instrument|Mixed Platforms = Instrument|Mixed Platforms
		Instrument|x86 = Instrument|x86
		PerformanceTest|Any CPU = PerformanceTest|Any CPU
		PerformanceTest|Mixed Platforms = PerformanceTest|Mixed Platforms
		PerformanceTest|x86 = PerformanceTest|x86
		Release|Any CPU = Release|Any CPU
		Release|Mixed Platforms = Release|Mixed Platforms
		Release|x86 = Release|x86
	EndGlobalSection
	GlobalSection(ProjectConfigurationPlatforms) = postSolution
		{5BCEC32E-990E-4DE5-945F-BD27326A7418}.CodeAnalysis|Any CPU.ActiveCfg = CodeAnalysis|Any CPU
		{5BCEC32E-990E-4DE5-945F-BD27326A7418}.CodeAnalysis|Any CPU.Build.0 = CodeAnalysis|Any CPU
		{5BCEC32E-990E-4DE5-945F-BD27326A7418}.CodeAnalysis|Mixed Platforms.ActiveCfg = CodeAnalysis|Any CPU
		{5BCEC32E-990E-4DE5-945F-BD27326A7418}.CodeAnalysis|Mixed Platforms.Build.0 = CodeAnalysis|Any CPU
		{5BCEC32E-990E-4DE5-945F-BD27326A7418}.CodeAnalysis|x86.ActiveCfg = CodeAnalysis|Any CPU
		{5BCEC32E-990E-4DE5-945F-BD27326A7418}.CoreProfile|Any CPU.ActiveCfg = CoreProfile|Any CPU
		{5BCEC32E-990E-4DE5-945F-BD27326A7418}.CoreProfile|Any CPU.Build.0 = CoreProfile|Any CPU
		{5BCEC32E-990E-4DE5-945F-BD27326A7418}.CoreProfile|Mixed Platforms.ActiveCfg = CoreProfile|Any CPU
		{5BCEC32E-990E-4DE5-945F-BD27326A7418}.CoreProfile|Mixed Platforms.Build.0 = CoreProfile|Any CPU
		{5BCEC32E-990E-4DE5-945F-BD27326A7418}.CoreProfile|x86.ActiveCfg = CoreProfile|Any CPU
		{5BCEC32E-990E-4DE5-945F-BD27326A7418}.Debug|Any CPU.ActiveCfg = Debug|Any CPU
		{5BCEC32E-990E-4DE5-945F-BD27326A7418}.Debug|Any CPU.Build.0 = Debug|Any CPU
		{5BCEC32E-990E-4DE5-945F-BD27326A7418}.Debug|Mixed Platforms.ActiveCfg = Debug|Any CPU
		{5BCEC32E-990E-4DE5-945F-BD27326A7418}.Debug|Mixed Platforms.Build.0 = Debug|Any CPU
		{5BCEC32E-990E-4DE5-945F-BD27326A7418}.Debug|x86.ActiveCfg = Debug|Any CPU
		{5BCEC32E-990E-4DE5-945F-BD27326A7418}.Instrument|Any CPU.ActiveCfg = Instrument|Any CPU
		{5BCEC32E-990E-4DE5-945F-BD27326A7418}.Instrument|Any CPU.Build.0 = Instrument|Any CPU
		{5BCEC32E-990E-4DE5-945F-BD27326A7418}.Instrument|Mixed Platforms.ActiveCfg = Instrument|Any CPU
		{5BCEC32E-990E-4DE5-945F-BD27326A7418}.Instrument|Mixed Platforms.Build.0 = Instrument|Any CPU
		{5BCEC32E-990E-4DE5-945F-BD27326A7418}.Instrument|x86.ActiveCfg = Instrument|Any CPU
		{5BCEC32E-990E-4DE5-945F-BD27326A7418}.PerformanceTest|Any CPU.ActiveCfg = PerformanceTest|Any CPU
		{5BCEC32E-990E-4DE5-945F-BD27326A7418}.PerformanceTest|Any CPU.Build.0 = PerformanceTest|Any CPU
		{5BCEC32E-990E-4DE5-945F-BD27326A7418}.PerformanceTest|Mixed Platforms.ActiveCfg = PerformanceTest|Any CPU
		{5BCEC32E-990E-4DE5-945F-BD27326A7418}.PerformanceTest|Mixed Platforms.Build.0 = PerformanceTest|Any CPU
		{5BCEC32E-990E-4DE5-945F-BD27326A7418}.PerformanceTest|x86.ActiveCfg = PerformanceTest|Any CPU
		{5BCEC32E-990E-4DE5-945F-BD27326A7418}.Release|Any CPU.ActiveCfg = Release|Any CPU
		{5BCEC32E-990E-4DE5-945F-BD27326A7418}.Release|Any CPU.Build.0 = Release|Any CPU
		{5BCEC32E-990E-4DE5-945F-BD27326A7418}.Release|Mixed Platforms.ActiveCfg = Release|Any CPU
		{5BCEC32E-990E-4DE5-945F-BD27326A7418}.Release|Mixed Platforms.Build.0 = Release|Any CPU
		{5BCEC32E-990E-4DE5-945F-BD27326A7418}.Release|x86.ActiveCfg = Release|Any CPU
		{67D2DD9E-210D-47B4-8486-5BE1CD2663F5}.CodeAnalysis|Any CPU.ActiveCfg = Release|x86
		{67D2DD9E-210D-47B4-8486-5BE1CD2663F5}.CodeAnalysis|Mixed Platforms.ActiveCfg = Release|x86
		{67D2DD9E-210D-47B4-8486-5BE1CD2663F5}.CodeAnalysis|Mixed Platforms.Build.0 = Release|x86
		{67D2DD9E-210D-47B4-8486-5BE1CD2663F5}.CodeAnalysis|x86.ActiveCfg = Release|x86
		{67D2DD9E-210D-47B4-8486-5BE1CD2663F5}.CodeAnalysis|x86.Build.0 = Release|x86
		{67D2DD9E-210D-47B4-8486-5BE1CD2663F5}.CoreProfile|Any CPU.ActiveCfg = Release|x86
		{67D2DD9E-210D-47B4-8486-5BE1CD2663F5}.CoreProfile|Mixed Platforms.ActiveCfg = Release|x86
		{67D2DD9E-210D-47B4-8486-5BE1CD2663F5}.CoreProfile|Mixed Platforms.Build.0 = Release|x86
		{67D2DD9E-210D-47B4-8486-5BE1CD2663F5}.CoreProfile|x86.ActiveCfg = Release|x86
		{67D2DD9E-210D-47B4-8486-5BE1CD2663F5}.CoreProfile|x86.Build.0 = Release|x86
		{67D2DD9E-210D-47B4-8486-5BE1CD2663F5}.Debug|Any CPU.ActiveCfg = Debug|x86
		{67D2DD9E-210D-47B4-8486-5BE1CD2663F5}.Debug|Mixed Platforms.ActiveCfg = Debug|x86
		{67D2DD9E-210D-47B4-8486-5BE1CD2663F5}.Debug|Mixed Platforms.Build.0 = Debug|x86
		{67D2DD9E-210D-47B4-8486-5BE1CD2663F5}.Debug|x86.ActiveCfg = Debug|x86
		{67D2DD9E-210D-47B4-8486-5BE1CD2663F5}.Debug|x86.Build.0 = Debug|x86
		{67D2DD9E-210D-47B4-8486-5BE1CD2663F5}.Instrument|Any CPU.ActiveCfg = Release|x86
		{67D2DD9E-210D-47B4-8486-5BE1CD2663F5}.Instrument|Mixed Platforms.ActiveCfg = Release|x86
		{67D2DD9E-210D-47B4-8486-5BE1CD2663F5}.Instrument|Mixed Platforms.Build.0 = Release|x86
		{67D2DD9E-210D-47B4-8486-5BE1CD2663F5}.Instrument|x86.ActiveCfg = Release|x86
		{67D2DD9E-210D-47B4-8486-5BE1CD2663F5}.Instrument|x86.Build.0 = Release|x86
		{67D2DD9E-210D-47B4-8486-5BE1CD2663F5}.PerformanceTest|Any CPU.ActiveCfg = Release|x86
		{67D2DD9E-210D-47B4-8486-5BE1CD2663F5}.PerformanceTest|Mixed Platforms.ActiveCfg = Release|x86
		{67D2DD9E-210D-47B4-8486-5BE1CD2663F5}.PerformanceTest|Mixed Platforms.Build.0 = Release|x86
		{67D2DD9E-210D-47B4-8486-5BE1CD2663F5}.PerformanceTest|x86.ActiveCfg = Release|x86
		{67D2DD9E-210D-47B4-8486-5BE1CD2663F5}.PerformanceTest|x86.Build.0 = Release|x86
		{67D2DD9E-210D-47B4-8486-5BE1CD2663F5}.Release|Any CPU.ActiveCfg = Release|x86
		{67D2DD9E-210D-47B4-8486-5BE1CD2663F5}.Release|Mixed Platforms.ActiveCfg = Release|x86
		{67D2DD9E-210D-47B4-8486-5BE1CD2663F5}.Release|Mixed Platforms.Build.0 = Release|x86
		{67D2DD9E-210D-47B4-8486-5BE1CD2663F5}.Release|x86.ActiveCfg = Release|x86
		{67D2DD9E-210D-47B4-8486-5BE1CD2663F5}.Release|x86.Build.0 = Release|x86
		{3DD3121E-8FC3-4E08-9B78-7F6364C67A63}.CodeAnalysis|Any CPU.ActiveCfg = Release|Any CPU
		{3DD3121E-8FC3-4E08-9B78-7F6364C67A63}.CodeAnalysis|Any CPU.Build.0 = Release|Any CPU
		{3DD3121E-8FC3-4E08-9B78-7F6364C67A63}.CodeAnalysis|Mixed Platforms.ActiveCfg = Release|Any CPU
		{3DD3121E-8FC3-4E08-9B78-7F6364C67A63}.CodeAnalysis|Mixed Platforms.Build.0 = Release|Any CPU
		{3DD3121E-8FC3-4E08-9B78-7F6364C67A63}.CodeAnalysis|x86.ActiveCfg = Release|Any CPU
		{3DD3121E-8FC3-4E08-9B78-7F6364C67A63}.CoreProfile|Any CPU.ActiveCfg = Release|Any CPU
		{3DD3121E-8FC3-4E08-9B78-7F6364C67A63}.CoreProfile|Any CPU.Build.0 = Release|Any CPU
		{3DD3121E-8FC3-4E08-9B78-7F6364C67A63}.CoreProfile|Mixed Platforms.ActiveCfg = Release|Any CPU
		{3DD3121E-8FC3-4E08-9B78-7F6364C67A63}.CoreProfile|Mixed Platforms.Build.0 = Release|Any CPU
		{3DD3121E-8FC3-4E08-9B78-7F6364C67A63}.CoreProfile|x86.ActiveCfg = Release|Any CPU
		{3DD3121E-8FC3-4E08-9B78-7F6364C67A63}.Debug|Any CPU.ActiveCfg = Debug|Any CPU
		{3DD3121E-8FC3-4E08-9B78-7F6364C67A63}.Debug|Any CPU.Build.0 = Debug|Any CPU
		{3DD3121E-8FC3-4E08-9B78-7F6364C67A63}.Debug|Mixed Platforms.ActiveCfg = Debug|Any CPU
		{3DD3121E-8FC3-4E08-9B78-7F6364C67A63}.Debug|Mixed Platforms.Build.0 = Debug|Any CPU
		{3DD3121E-8FC3-4E08-9B78-7F6364C67A63}.Debug|x86.ActiveCfg = Debug|Any CPU
		{3DD3121E-8FC3-4E08-9B78-7F6364C67A63}.Instrument|Any CPU.ActiveCfg = Release|Any CPU
		{3DD3121E-8FC3-4E08-9B78-7F6364C67A63}.Instrument|Any CPU.Build.0 = Release|Any CPU
		{3DD3121E-8FC3-4E08-9B78-7F6364C67A63}.Instrument|Mixed Platforms.ActiveCfg = Release|Any CPU
		{3DD3121E-8FC3-4E08-9B78-7F6364C67A63}.Instrument|Mixed Platforms.Build.0 = Release|Any CPU
		{3DD3121E-8FC3-4E08-9B78-7F6364C67A63}.Instrument|x86.ActiveCfg = Release|Any CPU
		{3DD3121E-8FC3-4E08-9B78-7F6364C67A63}.PerformanceTest|Any CPU.ActiveCfg = Release|Any CPU
		{3DD3121E-8FC3-4E08-9B78-7F6364C67A63}.PerformanceTest|Any CPU.Build.0 = Release|Any CPU
		{3DD3121E-8FC3-4E08-9B78-7F6364C67A63}.PerformanceTest|Mixed Platforms.ActiveCfg = Release|Any CPU
		{3DD3121E-8FC3-4E08-9B78-7F6364C67A63}.PerformanceTest|Mixed Platforms.Build.0 = Release|Any CPU
		{3DD3121E-8FC3-4E08-9B78-7F6364C67A63}.PerformanceTest|x86.ActiveCfg = Release|Any CPU
		{3DD3121E-8FC3-4E08-9B78-7F6364C67A63}.Release|Any CPU.ActiveCfg = Release|Any CPU
		{3DD3121E-8FC3-4E08-9B78-7F6364C67A63}.Release|Any CPU.Build.0 = Release|Any CPU
		{3DD3121E-8FC3-4E08-9B78-7F6364C67A63}.Release|Mixed Platforms.ActiveCfg = Release|Any CPU
		{3DD3121E-8FC3-4E08-9B78-7F6364C67A63}.Release|Mixed Platforms.Build.0 = Release|Any CPU
		{3DD3121E-8FC3-4E08-9B78-7F6364C67A63}.Release|x86.ActiveCfg = Release|Any CPU
		{6222153A-B8AE-49A2-8D84-3D3A2E545EC3}.CodeAnalysis|Any CPU.ActiveCfg = Release|Any CPU
		{6222153A-B8AE-49A2-8D84-3D3A2E545EC3}.CodeAnalysis|Any CPU.Build.0 = Release|Any CPU
		{6222153A-B8AE-49A2-8D84-3D3A2E545EC3}.CodeAnalysis|Mixed Platforms.ActiveCfg = Release|Any CPU
		{6222153A-B8AE-49A2-8D84-3D3A2E545EC3}.CodeAnalysis|Mixed Platforms.Build.0 = Release|Any CPU
		{6222153A-B8AE-49A2-8D84-3D3A2E545EC3}.CodeAnalysis|x86.ActiveCfg = Release|Any CPU
		{6222153A-B8AE-49A2-8D84-3D3A2E545EC3}.CoreProfile|Any CPU.ActiveCfg = Release|Any CPU
		{6222153A-B8AE-49A2-8D84-3D3A2E545EC3}.CoreProfile|Any CPU.Build.0 = Release|Any CPU
		{6222153A-B8AE-49A2-8D84-3D3A2E545EC3}.CoreProfile|Mixed Platforms.ActiveCfg = Release|Any CPU
		{6222153A-B8AE-49A2-8D84-3D3A2E545EC3}.CoreProfile|Mixed Platforms.Build.0 = Release|Any CPU
		{6222153A-B8AE-49A2-8D84-3D3A2E545EC3}.CoreProfile|x86.ActiveCfg = Release|Any CPU
		{6222153A-B8AE-49A2-8D84-3D3A2E545EC3}.Debug|Any CPU.ActiveCfg = Debug|Any CPU
		{6222153A-B8AE-49A2-8D84-3D3A2E545EC3}.Debug|Any CPU.Build.0 = Debug|Any CPU
		{6222153A-B8AE-49A2-8D84-3D3A2E545EC3}.Debug|Mixed Platforms.ActiveCfg = Debug|Any CPU
		{6222153A-B8AE-49A2-8D84-3D3A2E545EC3}.Debug|Mixed Platforms.Build.0 = Debug|Any CPU
		{6222153A-B8AE-49A2-8D84-3D3A2E545EC3}.Debug|x86.ActiveCfg = Debug|Any CPU
		{6222153A-B8AE-49A2-8D84-3D3A2E545EC3}.Instrument|Any CPU.ActiveCfg = Release|Any CPU
		{6222153A-B8AE-49A2-8D84-3D3A2E545EC3}.Instrument|Any CPU.Build.0 = Release|Any CPU
		{6222153A-B8AE-49A2-8D84-3D3A2E545EC3}.Instrument|Mixed Platforms.ActiveCfg = Release|Any CPU
		{6222153A-B8AE-49A2-8D84-3D3A2E545EC3}.Instrument|Mixed Platforms.Build.0 = Release|Any CPU
		{6222153A-B8AE-49A2-8D84-3D3A2E545EC3}.Instrument|x86.ActiveCfg = Release|Any CPU
		{6222153A-B8AE-49A2-8D84-3D3A2E545EC3}.PerformanceTest|Any CPU.ActiveCfg = Release|Any CPU
		{6222153A-B8AE-49A2-8D84-3D3A2E545EC3}.PerformanceTest|Any CPU.Build.0 = Release|Any CPU
		{6222153A-B8AE-49A2-8D84-3D3A2E545EC3}.PerformanceTest|Mixed Platforms.ActiveCfg = Release|Any CPU
		{6222153A-B8AE-49A2-8D84-3D3A2E545EC3}.PerformanceTest|Mixed Platforms.Build.0 = Release|Any CPU
		{6222153A-B8AE-49A2-8D84-3D3A2E545EC3}.PerformanceTest|x86.ActiveCfg = Release|Any CPU
		{6222153A-B8AE-49A2-8D84-3D3A2E545EC3}.Release|Any CPU.ActiveCfg = Release|Any CPU
		{6222153A-B8AE-49A2-8D84-3D3A2E545EC3}.Release|Any CPU.Build.0 = Release|Any CPU
		{6222153A-B8AE-49A2-8D84-3D3A2E545EC3}.Release|Mixed Platforms.ActiveCfg = Release|Any CPU
		{6222153A-B8AE-49A2-8D84-3D3A2E545EC3}.Release|Mixed Platforms.Build.0 = Release|Any CPU
		{6222153A-B8AE-49A2-8D84-3D3A2E545EC3}.Release|x86.ActiveCfg = Release|Any CPU
		{51EB40AC-3680-4B88-B5AB-257E21E2BA26}.CodeAnalysis|Any CPU.ActiveCfg = Release|Any CPU
		{51EB40AC-3680-4B88-B5AB-257E21E2BA26}.CodeAnalysis|Any CPU.Build.0 = Release|Any CPU
		{51EB40AC-3680-4B88-B5AB-257E21E2BA26}.CodeAnalysis|Mixed Platforms.ActiveCfg = Release|Any CPU
		{51EB40AC-3680-4B88-B5AB-257E21E2BA26}.CodeAnalysis|Mixed Platforms.Build.0 = Release|Any CPU
		{51EB40AC-3680-4B88-B5AB-257E21E2BA26}.CodeAnalysis|x86.ActiveCfg = Release|Any CPU
		{51EB40AC-3680-4B88-B5AB-257E21E2BA26}.CoreProfile|Any CPU.ActiveCfg = Release|Any CPU
		{51EB40AC-3680-4B88-B5AB-257E21E2BA26}.CoreProfile|Any CPU.Build.0 = Release|Any CPU
		{51EB40AC-3680-4B88-B5AB-257E21E2BA26}.CoreProfile|Mixed Platforms.ActiveCfg = Release|Any CPU
		{51EB40AC-3680-4B88-B5AB-257E21E2BA26}.CoreProfile|Mixed Platforms.Build.0 = Release|Any CPU
		{51EB40AC-3680-4B88-B5AB-257E21E2BA26}.CoreProfile|x86.ActiveCfg = Release|Any CPU
		{51EB40AC-3680-4B88-B5AB-257E21E2BA26}.Debug|Any CPU.ActiveCfg = Debug|Any CPU
		{51EB40AC-3680-4B88-B5AB-257E21E2BA26}.Debug|Any CPU.Build.0 = Debug|Any CPU
		{51EB40AC-3680-4B88-B5AB-257E21E2BA26}.Debug|Mixed Platforms.ActiveCfg = Debug|Any CPU
		{51EB40AC-3680-4B88-B5AB-257E21E2BA26}.Debug|Mixed Platforms.Build.0 = Debug|Any CPU
		{51EB40AC-3680-4B88-B5AB-257E21E2BA26}.Debug|x86.ActiveCfg = Debug|Any CPU
		{51EB40AC-3680-4B88-B5AB-257E21E2BA26}.Instrument|Any CPU.ActiveCfg = Release|Any CPU
		{51EB40AC-3680-4B88-B5AB-257E21E2BA26}.Instrument|Any CPU.Build.0 = Release|Any CPU
		{51EB40AC-3680-4B88-B5AB-257E21E2BA26}.Instrument|Mixed Platforms.ActiveCfg = Release|Any CPU
		{51EB40AC-3680-4B88-B5AB-257E21E2BA26}.Instrument|Mixed Platforms.Build.0 = Release|Any CPU
		{51EB40AC-3680-4B88-B5AB-257E21E2BA26}.Instrument|x86.ActiveCfg = Release|Any CPU
		{51EB40AC-3680-4B88-B5AB-257E21E2BA26}.PerformanceTest|Any CPU.ActiveCfg = Release|Any CPU
		{51EB40AC-3680-4B88-B5AB-257E21E2BA26}.PerformanceTest|Any CPU.Build.0 = Release|Any CPU
		{51EB40AC-3680-4B88-B5AB-257E21E2BA26}.PerformanceTest|Mixed Platforms.ActiveCfg = Release|Any CPU
		{51EB40AC-3680-4B88-B5AB-257E21E2BA26}.PerformanceTest|Mixed Platforms.Build.0 = Release|Any CPU
		{51EB40AC-3680-4B88-B5AB-257E21E2BA26}.PerformanceTest|x86.ActiveCfg = Release|Any CPU
		{51EB40AC-3680-4B88-B5AB-257E21E2BA26}.Release|Any CPU.ActiveCfg = Release|Any CPU
		{51EB40AC-3680-4B88-B5AB-257E21E2BA26}.Release|Any CPU.Build.0 = Release|Any CPU
		{51EB40AC-3680-4B88-B5AB-257E21E2BA26}.Release|Mixed Platforms.ActiveCfg = Release|Any CPU
		{51EB40AC-3680-4B88-B5AB-257E21E2BA26}.Release|Mixed Platforms.Build.0 = Release|Any CPU
		{51EB40AC-3680-4B88-B5AB-257E21E2BA26}.Release|x86.ActiveCfg = Release|Any CPU
		{AAE46F20-6A30-4DDF-AA04-3922C2741970}.CodeAnalysis|Any CPU.ActiveCfg = Release|Any CPU
		{AAE46F20-6A30-4DDF-AA04-3922C2741970}.CodeAnalysis|Any CPU.Build.0 = Release|Any CPU
		{AAE46F20-6A30-4DDF-AA04-3922C2741970}.CodeAnalysis|Mixed Platforms.ActiveCfg = Release|Any CPU
		{AAE46F20-6A30-4DDF-AA04-3922C2741970}.CodeAnalysis|Mixed Platforms.Build.0 = Release|Any CPU
		{AAE46F20-6A30-4DDF-AA04-3922C2741970}.CodeAnalysis|x86.ActiveCfg = Release|Any CPU
		{AAE46F20-6A30-4DDF-AA04-3922C2741970}.CoreProfile|Any CPU.ActiveCfg = Release|Any CPU
		{AAE46F20-6A30-4DDF-AA04-3922C2741970}.CoreProfile|Any CPU.Build.0 = Release|Any CPU
		{AAE46F20-6A30-4DDF-AA04-3922C2741970}.CoreProfile|Mixed Platforms.ActiveCfg = Release|Any CPU
		{AAE46F20-6A30-4DDF-AA04-3922C2741970}.CoreProfile|Mixed Platforms.Build.0 = Release|Any CPU
		{AAE46F20-6A30-4DDF-AA04-3922C2741970}.CoreProfile|x86.ActiveCfg = Release|Any CPU
		{AAE46F20-6A30-4DDF-AA04-3922C2741970}.Debug|Any CPU.ActiveCfg = Debug|Any CPU
		{AAE46F20-6A30-4DDF-AA04-3922C2741970}.Debug|Any CPU.Build.0 = Debug|Any CPU
		{AAE46F20-6A30-4DDF-AA04-3922C2741970}.Debug|Mixed Platforms.ActiveCfg = Debug|Any CPU
		{AAE46F20-6A30-4DDF-AA04-3922C2741970}.Debug|Mixed Platforms.Build.0 = Debug|Any CPU
		{AAE46F20-6A30-4DDF-AA04-3922C2741970}.Debug|x86.ActiveCfg = Debug|Any CPU
		{AAE46F20-6A30-4DDF-AA04-3922C2741970}.Instrument|Any CPU.ActiveCfg = Release|Any CPU
		{AAE46F20-6A30-4DDF-AA04-3922C2741970}.Instrument|Any CPU.Build.0 = Release|Any CPU
		{AAE46F20-6A30-4DDF-AA04-3922C2741970}.Instrument|Mixed Platforms.ActiveCfg = Release|Any CPU
		{AAE46F20-6A30-4DDF-AA04-3922C2741970}.Instrument|Mixed Platforms.Build.0 = Release|Any CPU
		{AAE46F20-6A30-4DDF-AA04-3922C2741970}.Instrument|x86.ActiveCfg = Release|Any CPU
		{AAE46F20-6A30-4DDF-AA04-3922C2741970}.PerformanceTest|Any CPU.ActiveCfg = Release|Any CPU
		{AAE46F20-6A30-4DDF-AA04-3922C2741970}.PerformanceTest|Any CPU.Build.0 = Release|Any CPU
		{AAE46F20-6A30-4DDF-AA04-3922C2741970}.PerformanceTest|Mixed Platforms.ActiveCfg = Release|Any CPU
		{AAE46F20-6A30-4DDF-AA04-3922C2741970}.PerformanceTest|Mixed Platforms.Build.0 = Release|Any CPU
		{AAE46F20-6A30-4DDF-AA04-3922C2741970}.PerformanceTest|x86.ActiveCfg = Release|Any CPU
		{AAE46F20-6A30-4DDF-AA04-3922C2741970}.Release|Any CPU.ActiveCfg = Release|Any CPU
		{AAE46F20-6A30-4DDF-AA04-3922C2741970}.Release|Any CPU.Build.0 = Release|Any CPU
		{AAE46F20-6A30-4DDF-AA04-3922C2741970}.Release|Mixed Platforms.ActiveCfg = Release|Any CPU
		{AAE46F20-6A30-4DDF-AA04-3922C2741970}.Release|Mixed Platforms.Build.0 = Release|Any CPU
		{AAE46F20-6A30-4DDF-AA04-3922C2741970}.Release|x86.ActiveCfg = Release|Any CPU
	EndGlobalSection
	GlobalSection(SolutionProperties) = preSolution
		HideSolutionNode = FALSE
	EndGlobalSection
EndGlobal
